// !$*UTF8*$!
{
	archiveVersion = 1;
	classes = {
	};
	objectVersion = 46;
	objects = {

/* Begin PBXBuildFile section */
		159F939019637510006E216F /* main.m in Sources */ = {isa = PBXBuildFile; fileRef = 159F938F19637510006E216F /* main.m */; };
		159F93971963753F006E216F /* CQMWeddedToThreads.m in Sources */ = {isa = PBXBuildFile; fileRef = 159F93961963753F006E216F /* CQMWeddedToThreads.m */; };
		159F939A19638E1A006E216F /* CQMTwistedRunLoops.m in Sources */ = {isa = PBXBuildFile; fileRef = 159F939919638E1A006E216F /* CQMTwistedRunLoops.m */; };
/* End PBXBuildFile section */

/* Begin PBXCopyFilesBuildPhase section */
		159F938A19637510006E216F /* CopyFiles */ = {
			isa = PBXCopyFilesBuildPhase;
			buildActionMask = 2147483647;
			dstPath = /usr/share/man/man1/;
			dstSubfolderSpec = 0;
			files = (
			);
			runOnlyForDeploymentPostprocessing = 1;
		};
/* End PBXCopyFilesBuildPhase section */

/* Begin PBXFileReference section */
		159F938C19637510006E216F /* Thread-OBJC */ = {isa = PBXFileReference; explicitFileType = "compiled.mach-o.executable"; includeInIndex = 0; path = "Thread-OBJC"; sourceTree = BUILT_PRODUCTS_DIR; };
		159F938F19637510006E216F /* main.m */ = {isa = PBXFileReference; lastKnownFileType = sourcecode.c.objc; path = main.m; sourceTree = "<group>"; };
		159F93961963753F006E216F /* CQMWeddedToThreads.m */ = {isa = PBXFileReference; fileEncoding = 4; lastKnownFileType = sourcecode.c.objc; path = CQMWeddedToThreads.m; sourceTree = "<group>"; };
		159F939819637562006E216F /* CQMWeddedToThreads.h */ = {isa = PBXFileReference; fileEncoding = 4; lastKnownFileType = sourcecode.c.h; path = CQMWeddedToThreads.h; sourceTree = "<group>"; };
		159F939919638E1A006E216F /* CQMTwistedRunLoops.m */ = {isa = PBXFileReference; fileEncoding = 4; lastKnownFileType = sourcecode.c.objc; path = CQMTwistedRunLoops.m; sourceTree = "<group>"; };
		15B2B047196631190075F417 /* CQMTwistedRunLoop.h */ = {isa = PBXFileReference; fileEncoding = 4; lastKnownFileType = sourcecode.c.h; path = CQMTwistedRunLoop.h; sourceTree = "<group>"; };
/* End PBXFileReference section */

/* Begin PBXFrameworksBuildPhase section */
		159F938919637510006E216F /* Frameworks */ = {
			isa = PBXFrameworksBuildPhase;
			buildActionMask = 2147483647;
			files = (
			);
			runOnlyForDeploymentPostprocessing = 0;
		};
/* End PBXFrameworksBuildPhase section */

/* Begin PBXGroup section */
		159F938319637510006E216F = {
			isa = PBXGroup;
			children = (
				159F938E19637510006E216F /* Thread-OBJC */,
				159F938D19637510006E216F /* Products */,
			);
			sourceTree = "<group>";
		};
		159F938D19637510006E216F /* Products */ = {
			isa = PBXGroup;
			children = (
				159F938C19637510006E216F /* Thread-OBJC */,
			);
			name = Products;
			sourceTree = "<group>";
		};
		159F938E19637510006E216F /* Thread-OBJC */ = {
			isa = PBXGroup;
			children = (
				159F938F19637510006E216F /* main.m */,
				159F939819637562006E216F /* CQMWeddedToThreads.h */,
				159F93961963753F006E216F /* CQMWeddedToThreads.m */,
				15B2B047196631190075F417 /* CQMTwistedRunLoop.h */,
				159F939919638E1A006E216F /* CQMTwistedRunLoops.m */,
			);
			path = "Thread-OBJC";
			sourceTree = "<group>";
		};
/* End PBXGroup section */

/* Begin PBXNativeTarget section */
		159F938B19637510006E216F /* Thread-OBJC */ = {
			isa = PBXNativeTarget;
			buildConfigurationList = 159F939319637510006E216F /* Build configuration list for PBXNativeTarget "Thread-OBJC" */;
			buildPhases = (
				159F938819637510006E216F /* Sources */,
				159F938919637510006E216F /* Frameworks */,
				159F938A19637510006E216F /* CopyFiles */,
			);
			buildRules = (
			);
			dependencies = (
			);
			name = "Thread-OBJC";
			productName = "Thread-OBJC";
			productReference = 159F938C19637510006E216F /* Thread-OBJC */;
			productType = "com.apple.product-type.tool";
		};
/* End PBXNativeTarget section */

/* Begin PBXProject section */
		159F938419637510006E216F /* Project object */ = {
			isa = PBXProject;
			attributes = {
				LastUpgradeCheck = 0600;
				ORGANIZATIONNAME = "mar Jinn";
				TargetAttributes = {
					159F938B19637510006E216F = {
						CreatedOnToolsVersion = 6.0;
					};
				};
			};
			buildConfigurationList = 159F938719637510006E216F /* Build configuration list for PBXProject "Thread-OBJC" */;
			compatibilityVersion = "Xcode 3.2";
			developmentRegion = English;
			hasScannedForEncodings = 0;
			knownRegions = (
				en,
			);
			mainGroup = 159F938319637510006E216F;
			productRefGroup = 159F938D19637510006E216F /* Products */;
			projectDirPath = "";
			projectRoot = "";
			targets = (
				159F938B19637510006E216F /* Thread-OBJC */,
			);
		};
/* End PBXProject section */

/* Begin PBXSourcesBuildPhase section */
		159F938819637510006E216F /* Sources */ = {
			isa = PBXSourcesBuildPhase;
			buildActionMask = 2147483647;
			files = (
				159F939A19638E1A006E216F /* CQMTwistedRunLoops.m in Sources */,
				159F939019637510006E216F /* main.m in Sources */,
				159F93971963753F006E216F /* CQMWeddedToThreads.m in Sources */,
			);
			runOnlyForDeploymentPostprocessing = 0;
		};
/* End PBXSourcesBuildPhase section */

/* Begin XCBuildConfiguration section */
		159F939119637510006E216F /* Debug */ = {
			isa = XCBuildConfiguration;
			buildSettings = {
				ALWAYS_SEARCH_USER_PATHS = NO;
				CLANG_CXX_LANGUAGE_STANDARD = "gnu++0x";
				CLANG_CXX_LIBRARY = "libc++";
				CLANG_ENABLE_MODULES = YES;
				CLANG_ENABLE_OBJC_ARC = YES;
				CLANG_WARN_BOOL_CONVERSION = YES;
				CLANG_WARN_CONSTANT_CONVERSION = YES;
				CLANG_WARN_DIRECT_OBJC_ISA_USAGE = YES_ERROR;
				CLANG_WARN_EMPTY_BODY = YES;
				CLANG_WARN_ENUM_CONVERSION = YES;
				CLANG_WARN_INT_CONVERSION = YES;
				CLANG_WARN_OBJC_ROOT_CLASS = YES_ERROR;
				CLANG_WARN_UNREACHABLE_CODE = YES;
				CLANG_WARN__DUPLICATE_METHOD_MATCH = YES;
				COPY_PHASE_STRIP = NO;
				ENABLE_STRICT_OBJC_MSGSEND = YES;
				GCC_C_LANGUAGE_STANDARD = gnu99;
				GCC_DYNAMIC_NO_PIC = NO;
				GCC_OPTIMIZATION_LEVEL = 0;
				GCC_PREPROCESSOR_DEFINITIONS = (
					"DEBUG=1",
					"$(inherited)",
				);
				GCC_SYMBOLS_PRIVATE_EXTERN = NO;
				GCC_WARN_64_TO_32_BIT_CONVERSION = YES;
				GCC_WARN_ABOUT_RETURN_TYPE = YES_ERROR;
				GCC_WARN_UNDECLARED_SELECTOR = YES;
				GCC_WARN_UNINITIALIZED_AUTOS = YES_AGGRESSIVE;
				GCC_WARN_UNUSED_FUNCTION = YES;
				GCC_WARN_UNUSED_VARIABLE = YES;
				MACOSX_DEPLOYMENT_TARGET = 10.9;
				METAL_ENABLE_DEBUG_INFO = YES;
				ONLY_ACTIVE_ARCH = YES;
				SDKROOT = macosx;
			};
			name = Debug;
		};
		159F939219637510006E216F /* Release */ = {
			isa = XCBuildConfiguration;
			buildSettings = {
				ALWAYS_SEARCH_USER_PATHS = NO;
				CLANG_CXX_LANGUAGE_STANDARD = "gnu++0x";
				CLANG_CXX_LIBRARY = "libc++";
				CLANG_ENABLE_MODULES = YES;
				CLANG_ENABLE_OBJC_ARC = YES;
				CLANG_WARN_BOOL_CONVERSION = YES;
				CLANG_WARN_CONSTANT_CONVERSION = YES;
				CLANG_WARN_DIRECT_OBJC_ISA_USAGE = YES_ERROR;
				CLANG_WARN_EMPTY_BODY = YES;
				CLANG_WARN_ENUM_CONVERSION = YES;
				CLANG_WARN_INT_CONVERSION = YES;
				CLANG_WARN_OBJC_ROOT_CLASS = YES_ERROR;
				CLANG_WARN_UNREACHABLE_CODE = YES;
				CLANG_WARN__DUPLICATE_METHOD_MATCH = YES;
				COPY_PHASE_STRIP = YES;
				DEBUG_INFORMATION_FORMAT = "dwarf-with-dsym";
				ENABLE_NS_ASSERTIONS = NO;
				ENABLE_STRICT_OBJC_MSGSEND = YES;
				GCC_C_LANGUAGE_STANDARD = gnu99;
				GCC_WARN_64_TO_32_BIT_CONVERSION = YES;
				GCC_WARN_ABOUT_RETURN_TYPE = YES_ERROR;
				GCC_WARN_UNDECLARED_SELECTOR = YES;
				GCC_WARN_UNINITIALIZED_AUTOS = YES_AGGRESSIVE;
				GCC_WARN_UNUSED_FUNCTION = YES;
				GCC_WARN_UNUSED_VARIABLE = YES;
				MACOSX_DEPLOYMENT_TARGET = 10.9;
				METAL_ENABLE_DEBUG_INFO = NO;
				SDKROOT = macosx;
			};
			name = Release;
		};
		159F939419637510006E216F /* Debug */ = {
			isa = XCBuildConfiguration;
			buildSettings = {
				PRODUCT_NAME = "$(TARGET_NAME)";
				VERSIONING_SYSTEM = "apple-generic";
				WARNING_CFLAGS = "-Wall";
			};
			name = Debug;
		};
		159F939519637510006E216F /* Release */ = {
			isa = XCBuildConfiguration;
			buildSettings = {
				PRODUCT_NAME = "$(TARGET_NAME)";
				VERSIONING_SYSTEM = "apple-generic";
				WARNING_CFLAGS = "-Wall";
			};
			name = Release;
		};
/* End XCBuildConfiguration section */

/* Begin XCConfigurationList section */
		159F938719637510006E216F /* Build configuration list for PBXProject "Thread-OBJC" */ = {
			isa = XCConfigurationList;
			buildConfigurations = (
				159F939119637510006E216F /* Debug */,
				159F939219637510006E216F /* Release */,
			);
			defaultConfigurationIsVisible = 0;
			defaultConfigurationName = Release;
		};
		159F939319637510006E216F /* Build configuration list for PBXNativeTarget "Thread-OBJC" */ = {
			isa = XCConfigurationList;
			buildConfigurations = (
				159F939419637510006E216F /* Debug */,
				159F939519637510006E216F /* Release */,
			);
			defaultConfigurationIsVisible = 0;
			defaultConfigurationName = Release;
		};
/* End XCConfigurationList section */
	};
	rootObject = 159F938419637510006E216F /* Project object */;
}
